# THIS IS AN AUTOGENERATED FILE. DO NOT EDIT THIS FILE DIRECTLY.
# yarn lockfile v1


google-protobuf@^3.13.0:
  version "3.13.0"
  resolved "https://nexus.vanti.co.uk/repository/npm-public/google-protobuf/-/google-protobuf-3.13.0.tgz#909c5983d75dd6101ed57c79e0528d000cdc3251"
  integrity sha512-ZIf3qfLFayVrPvAjeKKxO5FRF1/NwRxt6Dko+fWEMuHwHbZx8/fcaAao9b0wCM6kr8qeg2te8XTpyuvKuD9aKw==

grpc-web@^1.2.1:
  version "1.2.1"
  resolved "https://nexus.vanti.co.uk/repository/npm-public/grpc-web/-/grpc-web-1.2.1.tgz#860051d705bf5baa7b81fcbd14030060bf16b7b9"
  integrity sha512-ibBaJPzfMVuLPgaST9w0kZl60s+SnkPBQp6QKdpEr85tpc1gXW2QDqSne9xiyiym0logDfdUSm4aX5h9YBA2mw==
